
Microsoft Visual Studio Solution File, Format Version 12.00
# Visual Studio 14
VisualStudioVersion = 14.0.25123.0
MinimumVisualStudioVersion = 10.0.40219.1
Project("{FAE04EC0-301F-11D3-BF4B-00C04F79EFBC}") = "Backgammon", "Backgammon\Backgammon.csproj", "{76974E03-AB99-4AB7-B643-CFAA1289C6D3}"
EndProject
Project("{FAE04EC0-301F-11D3-BF4B-00C04F79EFBC}") = "BackgammonUI", "BackgammonUI\BackgammonUI.csproj", "{79EAD5DE-F0BF-415C-BA56-F98A6723C86A}"
EndProject
Global
	GlobalSection(SolutionConfigurationPlatforms) = preSolution
		Debug|Any CPU = Debug|Any CPU
		Release|Any CPU = Release|Any CPU
	EndGlobalSection
	GlobalSection(ProjectConfigurationPlatforms) = postSolution
		{76974E03-AB99-4AB7-B643-CFAA1289C6D3}.Debug|Any CPU.ActiveCfg = Debug|Any CPU
		{76974E03-AB99-4AB7-B643-CFAA1289C6D3}.Debug|Any CPU.Build.0 = Debug|Any CPU
		{76974E03-AB99-4AB7-B643-CFAA1289C6D3}.Release|Any CPU.ActiveCfg = Release|Any CPU
		{76974E03-AB99-4AB7-B643-CFAA1289C6D3}.Release|Any CPU.Build.0 = Release|Any CPU
		{79EAD5DE-F0BF-415C-BA56-F98A6723C86A}.Debug|Any CPU.ActiveCfg = Debug|Any CPU
		{79EAD5DE-F0BF-415C-BA56-F98A6723C86A}.Debug|Any CPU.Build.0 = Debug|Any CPU
		{79EAD5DE-F0BF-415C-BA56-F98A6723C86A}.Release|Any CPU.ActiveCfg = Release|Any CPU
		{79EAD5DE-F0BF-415C-BA56-F98A6723C86A}.Release|Any CPU.Build.0 = Release|Any CPU
	EndGlobalSection
	GlobalSection(SolutionProperties) = preSolution
		HideSolutionNode = FALSE
	EndGlobalSection
EndGlobal
